
Microsoft Visual Studio Solution File, Format Version 12.00
Project("{FAE04EC0-301F-11D3-BF4B-00C04F79EFBC}") = "healthy_nutrition_bot", "healthy_nutrition_bot\healthy_nutrition_bot.csproj", "{D44F6AB1-51E3-4A3A-BCD0-1317D0D011DF}"
EndProject
Global
	GlobalSection(SolutionConfigurationPlatforms) = preSolution
		Debug|Any CPU = Debug|Any CPU
		Release|Any CPU = Release|Any CPU
	EndGlobalSection
	GlobalSection(NestedProjects) = preSolution
	EndGlobalSection
	GlobalSection(ProjectConfigurationPlatforms) = postSolution
		{D44F6AB1-51E3-4A3A-BCD0-1317D0D011DF}.Debug|Any CPU.ActiveCfg = Debug|Any CPU
		{D44F6AB1-51E3-4A3A-BCD0-1317D0D011DF}.Debug|Any CPU.Build.0 = Debug|Any CPU
		{D44F6AB1-51E3-4A3A-BCD0-1317D0D011DF}.Release|Any CPU.ActiveCfg = Release|Any CPU
		{D44F6AB1-51E3-4A3A-BCD0-1317D0D011DF}.Release|Any CPU.Build.0 = Release|Any CPU
	EndGlobalSection
EndGlobal
